
Microsoft Visual Studio Solution File, Format Version 12.00
# Visual Studio Version 17
VisualStudioVersion = 17.11.35327.3
MinimumVisualStudioVersion = 10.0.40219.1
Project("{FAE04EC0-301F-11D3-BF4B-00C04F79EFBC}") = "Practica 2", "Practica 2.csproj", "{01DA523C-4CBA-48E7-BCDD-6EC0CA9E149F}"
EndProject
Global
	GlobalSection(SolutionConfigurationPlatforms) = preSolution
		Debug|Any CPU = Debug|Any CPU
		Release|Any CPU = Release|Any CPU
	EndGlobalSection
	GlobalSection(ProjectConfigurationPlatforms) = postSolution
		{01DA523C-4CBA-48E7-BCDD-6EC0CA9E149F}.Debug|Any CPU.ActiveCfg = Debug|Any CPU
		{01DA523C-4CBA-48E7-BCDD-6EC0CA9E149F}.Debug|Any CPU.Build.0 = Debug|Any CPU
		{01DA523C-4CBA-48E7-BCDD-6EC0CA9E149F}.Release|Any CPU.ActiveCfg = Release|Any CPU
		{01DA523C-4CBA-48E7-BCDD-6EC0CA9E149F}.Release|Any CPU.Build.0 = Release|Any CPU
	EndGlobalSection
	GlobalSection(SolutionProperties) = preSolution
		HideSolutionNode = FALSE
	EndGlobalSection
	GlobalSection(ExtensibilityGlobals) = postSolution
		SolutionGuid = {EFEA855A-34D6-400A-A662-CE06FE24E16F}
	EndGlobalSection
EndGlobal
