
Microsoft Visual Studio Solution File, Format Version 12.00
# Visual Studio Version 17
VisualStudioVersion = 17.11.35327.3
MinimumVisualStudioVersion = 10.0.40219.1
Project("{FAE04EC0-301F-11D3-BF4B-00C04F79EFBC}") = "Practica 4", "Practica 4.csproj", "{5E4806D0-277E-4B3F-A88A-F3A353EF19E0}"
EndProject
Global
	GlobalSection(SolutionConfigurationPlatforms) = preSolution
		Debug|Any CPU = Debug|Any CPU
		Release|Any CPU = Release|Any CPU
	EndGlobalSection
	GlobalSection(ProjectConfigurationPlatforms) = postSolution
		{5E4806D0-277E-4B3F-A88A-F3A353EF19E0}.Debug|Any CPU.ActiveCfg = Debug|Any CPU
		{5E4806D0-277E-4B3F-A88A-F3A353EF19E0}.Debug|Any CPU.Build.0 = Debug|Any CPU
		{5E4806D0-277E-4B3F-A88A-F3A353EF19E0}.Release|Any CPU.ActiveCfg = Release|Any CPU
		{5E4806D0-277E-4B3F-A88A-F3A353EF19E0}.Release|Any CPU.Build.0 = Release|Any CPU
	EndGlobalSection
	GlobalSection(SolutionProperties) = preSolution
		HideSolutionNode = FALSE
	EndGlobalSection
	GlobalSection(ExtensibilityGlobals) = postSolution
		SolutionGuid = {2B6D3527-B65F-4E21-AF8B-BB0E6A57FDFC}
	EndGlobalSection
EndGlobal
