
Microsoft Visual Studio Solution File, Format Version 12.00
# Visual Studio Version 17
VisualStudioVersion = 17.11.35327.3
MinimumVisualStudioVersion = 10.0.40219.1
Project("{FAE04EC0-301F-11D3-BF4B-00C04F79EFBC}") = "Practica 3", "Practica 3.csproj", "{D092DB3A-06C4-434E-A689-D73AD7C629AF}"
EndProject
Global
	GlobalSection(SolutionConfigurationPlatforms) = preSolution
		Debug|Any CPU = Debug|Any CPU
		Release|Any CPU = Release|Any CPU
	EndGlobalSection
	GlobalSection(ProjectConfigurationPlatforms) = postSolution
		{D092DB3A-06C4-434E-A689-D73AD7C629AF}.Debug|Any CPU.ActiveCfg = Debug|Any CPU
		{D092DB3A-06C4-434E-A689-D73AD7C629AF}.Debug|Any CPU.Build.0 = Debug|Any CPU
		{D092DB3A-06C4-434E-A689-D73AD7C629AF}.Release|Any CPU.ActiveCfg = Release|Any CPU
		{D092DB3A-06C4-434E-A689-D73AD7C629AF}.Release|Any CPU.Build.0 = Release|Any CPU
	EndGlobalSection
	GlobalSection(SolutionProperties) = preSolution
		HideSolutionNode = FALSE
	EndGlobalSection
	GlobalSection(ExtensibilityGlobals) = postSolution
		SolutionGuid = {1535E877-B27E-46F1-AF15-4B9407888D58}
	EndGlobalSection
EndGlobal
